
Microsoft Visual Studio Solution File, Format Version 12.00
# Visual Studio Version 17
VisualStudioVersion = 17.2.32526.322
MinimumVisualStudioVersion = 10.0.40219.1
Project("{FAE04EC0-301F-11D3-BF4B-00C04F79EFBC}") = "eTickets", "eTickets\eTickets.csproj", "{C1E4EFDD-5237-4DA5-8549-97D5E12CE1F3}"
EndProject
Global
	GlobalSection(SolutionConfigurationPlatforms) = preSolution
		Debug|Any CPU = Debug|Any CPU
		Release|Any CPU = Release|Any CPU
	EndGlobalSection
	GlobalSection(ProjectConfigurationPlatforms) = postSolution
		{C1E4EFDD-5237-4DA5-8549-97D5E12CE1F3}.Debug|Any CPU.ActiveCfg = Debug|Any CPU
		{C1E4EFDD-5237-4DA5-8549-97D5E12CE1F3}.Debug|Any CPU.Build.0 = Debug|Any CPU
		{C1E4EFDD-5237-4DA5-8549-97D5E12CE1F3}.Release|Any CPU.ActiveCfg = Release|Any CPU
		{C1E4EFDD-5237-4DA5-8549-97D5E12CE1F3}.Release|Any CPU.Build.0 = Release|Any CPU
	EndGlobalSection
	GlobalSection(SolutionProperties) = preSolution
		HideSolutionNode = FALSE
	EndGlobalSection
	GlobalSection(ExtensibilityGlobals) = postSolution
		SolutionGuid = {3F58D61B-6C40-465D-8591-398B45BA43A0}
	EndGlobalSection
EndGlobal
